
Microsoft Visual Studio Solution File, Format Version 12.00
# Visual Studio Version 17
VisualStudioVersion = 17.2.32630.192
MinimumVisualStudioVersion = 10.0.40219.1
Project("{9A19103F-16F7-4668-BE54-9A1E7A4F7556}") = "Projet", "Projet\Projet.csproj", "{ABA0C0FA-139E-4351-ADEB-B894438212F0}"
EndProject
Global
	GlobalSection(SolutionConfigurationPlatforms) = preSolution
		Debug|Any CPU = Debug|Any CPU
		Release|Any CPU = Release|Any CPU
	EndGlobalSection
	GlobalSection(ProjectConfigurationPlatforms) = postSolution
		{ABA0C0FA-139E-4351-ADEB-B894438212F0}.Debug|Any CPU.ActiveCfg = Debug|Any CPU
		{ABA0C0FA-139E-4351-ADEB-B894438212F0}.Debug|Any CPU.Build.0 = Debug|Any CPU
		{ABA0C0FA-139E-4351-ADEB-B894438212F0}.Release|Any CPU.ActiveCfg = Release|Any CPU
		{ABA0C0FA-139E-4351-ADEB-B894438212F0}.Release|Any CPU.Build.0 = Release|Any CPU
	EndGlobalSection
	GlobalSection(SolutionProperties) = preSolution
		HideSolutionNode = FALSE
	EndGlobalSection
	GlobalSection(ExtensibilityGlobals) = postSolution
		SolutionGuid = {95F1CFC2-30A8-4BAE-962F-60BF6671AED4}
	EndGlobalSection
EndGlobal
